<?xml version="1.0" encoding="utf-8"?>
<Project ToolsVersion="4.0" xmlns="http://schemas.microsoft.com/developer/msbuild/2003">
  <ItemGroup>
    <Filter Include="CMUgraphicsLib">
      <UniqueIdentifier>{b6ef5278-5399-4c20-8631-3a47fa20276d}</UniqueIdentifier>
    </Filter>
    <Filter Include="CMUgraphicsLib\JPEG">
      <UniqueIdentifier>{74881736-22be-4b44-90b6-09a29eb1aa85}</UniqueIdentifier>
    </Filter>
    <Filter Include="GUI Classes">
      <UniqueIdentifier>{03fd4e0d-92e0-4271-bb9b-d6e9f21ec35f}</UniqueIdentifier>
    </Filter>
    <Filter Include="Player">
      <UniqueIdentifier>{993adb1b-e6f5-4951-a441-ab84b1ccd65b}</UniqueIdentifier>
    </Filter>
  </ItemGroup>
  <ItemGroup>
    <ClCompile Include="CMUgraphicsLib\auxil.cpp">
      <Filter>CMUgraphicsLib</Filter>
    </ClCompile>
    <ClCompile Include="CMUgraphicsLib\CMUgraphics.cpp">
      <Filter>CMUgraphicsLib</Filter>
    </ClCompile>
    <ClCompile Include="CMUgraphicsLib\image.cpp">
      <Filter>CMUgraphicsLib</Filter>
    </ClCompile>
    <ClCompile Include="CMUgraphicsLib\jpegload.c">
      <Filter>CMUgraphicsLib</Filter>
    </ClCompile>
    <ClCompile Include="CMUgraphicsLib\keyqueue.cpp">
      <Filter>CMUgraphicsLib</Filter>
    </ClCompile>
    <ClCompile Include="CMUgraphicsLib\mousequeue.cpp">
      <Filter>CMUgraphicsLib</Filter>
    </ClCompile>
    <ClCompile Include="CMUgraphicsLib\windowinput.cpp">
      <Filter>CMUgraphicsLib</Filter>
    </ClCompile>
    <ClCompile Include="CMUgraphicsLib\jpeg\jcomapi.c">
      <Filter>CMUgraphicsLib\JPEG</Filter>
    </ClCompile>
    <ClCompile Include="CMUgraphicsLib\jpeg\jcparam.c">
      <Filter>CMUgraphicsLib\JPEG</Filter>
    </ClCompile>
    <ClCompile Include="CMUgraphicsLib\jpeg\jdapimin.c">
      <Filter>CMUgraphicsLib\JPEG</Filter>
    </ClCompile>
    <ClCompile Include="CMUgraphicsLib\jpeg\jdapistd.c">
      <Filter>CMUgraphicsLib\JPEG</Filter>
    </ClCompile>
    <ClCompile Include="CMUgraphicsLib\jpeg\jdatasrc.c">
      <Filter>CMUgraphicsLib\JPEG</Filter>
    </ClCompile>
    <ClCompile Include="CMUgraphicsLib\jpeg\jdcoefct.c">
      <Filter>CMUgraphicsLib\JPEG</Filter>
    </ClCompile>
    <ClCompile Include="CMUgraphicsLib\jpeg\jdcolor.c">
      <Filter>CMUgraphicsLib\JPEG</Filter>
    </ClCompile>
    <ClCompile Include="CMUgraphicsLib\jpeg\jddctmgr.c">
      <Filter>CMUgraphicsLib\JPEG</Filter>
    </ClCompile>
    <ClCompile Include="CMUgraphicsLib\jpeg\jdhuff.c">
      <Filter>CMUgraphicsLib\JPEG</Filter>
    </ClCompile>
    <ClCompile Include="CMUgraphicsLib\jpeg\jdinput.c">
      <Filter>CMUgraphicsLib\JPEG</Filter>
    </ClCompile>
    <ClCompile Include="CMUgraphicsLib\jpeg\jdmainct.c">
      <Filter>CMUgraphicsLib\JPEG</Filter>
    </ClCompile>
    <ClCompile Include="CMUgraphicsLib\jpeg\jdmarker.c">
      <Filter>CMUgraphicsLib\JPEG</Filter>
    </ClCompile>
    <ClCompile Include="CMUgraphicsLib\jpeg\jdmaster.c">
      <Filter>CMUgraphicsLib\JPEG</Filter>
    </ClCompile>
    <ClCompile Include="CMUgraphicsLib\jpeg\jdmerge.c">
      <Filter>CMUgraphicsLib\JPEG</Filter>
    </ClCompile>
    <ClCompile Include="CMUgraphicsLib\jpeg\jdphuff.c">
      <Filter>CMUgraphicsLib\JPEG</Filter>
    </ClCompile>
    <ClCompile Include="CMUgraphicsLib\jpeg\jdpostct.c">
      <Filter>CMUgraphicsLib\JPEG</Filter>
    </ClCompile>
    <ClCompile Include="CMUgraphicsLib\jpeg\jdsample.c">
      <Filter>CMUgraphicsLib\JPEG</Filter>
    </ClCompile>
    <ClCompile Include="CMUgraphicsLib\jpeg\jdtrans.c">
      <Filter>CMUgraphicsLib\JPEG</Filter>
    </ClCompile>
    <ClCompile Include="CMUgraphicsLib\jpeg\jerror.c">
      <Filter>CMUgraphicsLib\JPEG</Filter>
    </ClCompile>
    <ClCompile Include="CMUgraphicsLib\jpeg\jidctflt.c">
      <Filter>CMUgraphicsLib\JPEG</Filter>
    </ClCompile>
    <ClCompile Include="CMUgraphicsLib\jpeg\jidctfst.c">
      <Filter>CMUgraphicsLib\JPEG</Filter>
    </ClCompile>
    <ClCompile Include="CMUgraphicsLib\jpeg\jidctint.c">
      <Filter>CMUgraphicsLib\JPEG</Filter>
    </ClCompile>
    <ClCompile Include="CMUgraphicsLib\jpeg\jidctred.c">
      <Filter>CMUgraphicsLib\JPEG</Filter>
    </ClCompile>
    <ClCompile Include="CMUgraphicsLib\jpeg\jmemmgr.c">
      <Filter>CMUgraphicsLib\JPEG</Filter>
    </ClCompile>
    <ClCompile Include="CMUgraphicsLib\jpeg\jmemnobs.c">
      <Filter>CMUgraphicsLib\JPEG</Filter>
    </ClCompile>
    <ClCompile Include="CMUgraphicsLib\jpeg\jquant1.c">
      <Filter>CMUgraphicsLib\JPEG</Filter>
    </ClCompile>
    <ClCompile Include="CMUgraphicsLib\jpeg\jquant2.c">
      <Filter>CMUgraphicsLib\JPEG</Filter>
    </ClCompile>
    <ClCompile Include="CMUgraphicsLib\jpeg\jutils.c">
      <Filter>CMUgraphicsLib\JPEG</Filter>
    </ClCompile>
    <ClCompile Include="CMUgraphicsLib\colors.cpp">
      <Filter>CMUgraphicsLib</Filter>
    </ClCompile>
    <ClCompile Include="Player.cpp">
      <Filter>Player</Filter>
    </ClCompile>
    <ClCompile Include="Grid.cpp">
      <Filter>GUI Classes</Filter>
    </ClCompile>
    <ClCompile Include="Cell.cpp">
      <Filter>GUI Classes</Filter>
    </ClCompile>
    <ClCompile Include="Main.cpp" />
    <ClCompile Include="GUI.cpp">
      <Filter>GUI Classes</Filter>
    </ClCompile>
    <ClCompile Include="PlayerCell.cpp">
      <Filter>GUI Classes</Filter>
    </ClCompile>
    <ClCompile Include="EmptyCell.cpp">
      <Filter>GUI Classes</Filter>
    </ClCompile>
    <ClCompile Include="CoinCell.cpp">
      <Filter>GUI Classes</Filter>
    </ClCompile>
    <ClCompile Include="Bomb.cpp">
      <Filter>GUI Classes</Filter>
    </ClCompile>
    <ClCompile Include="HealthCell.cpp">
      <Filter>GUI Classes</Filter>
    </ClCompile>
    <ClCompile Include="LadderCell.cpp">
      <Filter>GUI Classes</Filter>
    </ClCompile>
    <ClCompile Include="LifeCell.cpp">
      <Filter>GUI Classes</Filter>
    </ClCompile>
    <ClCompile Include="Obstaclecell.cpp">
      <Filter>GUI Classes</Filter>
    </ClCompile>
    <ClCompile Include="EnemyCell.cpp">
      <Filter>GUI Classes</Filter>
    </ClCompile>
    <ClCompile Include="GoalCell.cpp">
      <Filter>GUI Classes</Filter>
    </ClCompile>
    <ClCompile Include="Enemy.cpp" />
  </ItemGroup>
  <ItemGroup>
    <ClInclude Include="CMUgraphicsLib\auxil.h">
      <Filter>CMUgraphicsLib</Filter>
    </ClInclude>
    <ClInclude Include="CMUgraphicsLib\CMUgraphics.h">
      <Filter>CMUgraphicsLib</Filter>
    </ClInclude>
    <ClInclude Include="CMUgraphicsLib\colors.h">
      <Filter>CMUgraphicsLib</Filter>
    </ClInclude>
    <ClInclude Include="CMUgraphicsLib\error.h">
      <Filter>CMUgraphicsLib</Filter>
    </ClInclude>
    <ClInclude Include="CMUgraphicsLib\image.h">
      <Filter>CMUgraphicsLib</Filter>
    </ClInclude>
    <ClInclude Include="CMUgraphicsLib\jpegload.h">
      <Filter>CMUgraphicsLib</Filter>
    </ClInclude>
    <ClInclude Include="CMUgraphicsLib\keyqueue.h">
      <Filter>CMUgraphicsLib</Filter>
    </ClInclude>
    <ClInclude Include="CMUgraphicsLib\mousequeue.h">
      <Filter>CMUgraphicsLib</Filter>
    </ClInclude>
    <ClInclude Include="CMUgraphicsLib\version.h">
      <Filter>CMUgraphicsLib</Filter>
    </ClInclude>
    <ClInclude Include="CMUgraphicsLib\windowinput.h">
      <Filter>CMUgraphicsLib</Filter>
    </ClInclude>
    <ClInclude Include="CMUgraphicsLib\jpeg\jconfig.h">
      <Filter>CMUgraphicsLib\JPEG</Filter>
    </ClInclude>
    <ClInclude Include="CMUgraphicsLib\jpeg\jdct.h">
      <Filter>CMUgraphicsLib\JPEG</Filter>
    </ClInclude>
    <ClInclude Include="CMUgraphicsLib\jpeg\jdhuff.h">
      <Filter>CMUgraphicsLib\JPEG</Filter>
    </ClInclude>
    <ClInclude Include="CMUgraphicsLib\jpeg\jerror.h">
      <Filter>CMUgraphicsLib\JPEG</Filter>
    </ClInclude>
    <ClInclude Include="CMUgraphicsLib\jpeg\jinclude.h">
      <Filter>CMUgraphicsLib\JPEG</Filter>
    </ClInclude>
    <ClInclude Include="CMUgraphicsLib\jpeg\jmemsys.h">
      <Filter>CMUgraphicsLib\JPEG</Filter>
    </ClInclude>
    <ClInclude Include="CMUgraphicsLib\jpeg\jmorecfg.h">
      <Filter>CMUgraphicsLib\JPEG</Filter>
    </ClInclude>
    <ClInclude Include="CMUgraphicsLib\jpeg\jpegint.h">
      <Filter>CMUgraphicsLib\JPEG</Filter>
    </ClInclude>
    <ClInclude Include="CMUgraphicsLib\jpeg\jpeglib.h">
      <Filter>CMUgraphicsLib\JPEG</Filter>
    </ClInclude>
    <ClInclude Include="CMUgraphicsLib\jpeg\jversion.h">
      <Filter>CMUgraphicsLib\JPEG</Filter>
    </ClInclude>
    <ClInclude Include="DEFS.h" />
    <ClInclude Include="Player.h">
      <Filter>Player</Filter>
    </ClInclude>
    <ClInclude Include="Grid.h">
      <Filter>GUI Classes</Filter>
    </ClInclude>
    <ClInclude Include="Cell.h">
      <Filter>GUI Classes</Filter>
    </ClInclude>
    <ClInclude Include="GUI.h">
      <Filter>GUI Classes</Filter>
    </ClInclude>
    <ClInclude Include="PlayerCell.h">
      <Filter>GUI Classes</Filter>
    </ClInclude>
    <ClInclude Include="EmptyCell.h">
      <Filter>GUI Classes</Filter>
    </ClInclude>
    <ClInclude Include="CoinCell.h">
      <Filter>GUI Classes</Filter>
    </ClInclude>
    <ClInclude Include="BombCell.h">
      <Filter>GUI Classes</Filter>
    </ClInclude>
    <ClInclude Include="HealthCell.h">
      <Filter>GUI Classes</Filter>
    </ClInclude>
    <ClInclude Include="LadderCell.h">
      <Filter>GUI Classes</Filter>
    </ClInclude>
    <ClInclude Include="LifeCell.h">
      <Filter>GUI Classes</Filter>
    </ClInclude>
    <ClInclude Include="ObstacleCell.h">
      <Filter>GUI Classes</Filter>
    </ClInclude>
    <ClInclude Include="EnemyCell.h">
      <Filter>GUI Classes</Filter>
    </ClInclude>
    <ClInclude Include="GoalCell.h">
      <Filter>GUI Classes</Filter>
    </ClInclude>
    <ClInclude Include="Enemy.h" />
  </ItemGroup>
  <ItemGroup>
    <None Include="ClassDiagram.cd" />
  </ItemGroup>
</Project>